github.com/atc0005/go-nagios v0.5.2 h1:GWxwj/f8+AXRdPjGaA+E9QjVXwWRtV7yqABtGfoiH9I=
github.com/atc0005/go-nagios v0.5.2/go.mod h1:VhzDr2I9+vn/6aDrZ5f7OyfNOFU8MdT7gLzmSSy8be0=
github.com/coreos/go-systemd v0.0.0-20190321100706-95778dfbb74e/go.mod h1:F5haX7vjVVG0kc13fIWeqUViNPyEJxv/OmvnBo0Yme4=
github.com/davecgh/go-xdr v0.0.0-20161123171359-e6a2ba005892/go.mod h1:CTDl0pzVzE5DEzZhPfvhY/9sPFMQIxaJ9VAMs9AagrE=
github.com/google/uuid v0.0.0-20170306145142-6a5e28554805 h1:skl44gU1qEIcRpwKjb9bhlRwjvr96wLdvpTogCBBJe8=
github.com/google/uuid v0.0.0-20170306145142-6a5e28554805/go.mod h1:TIyPZe4MgqvfeYDBFedMoGGpEw/LqOeaOT+nhxU+yHo=
github.com/kr/pretty v0.1.0/go.mod h1:dAy3ld7l9f0ibDNOQOHHMYYIIbhfbHSm3C4ZsoJORNo=
github.com/kr/pty v1.1.1/go.mod h1:pFQYn66WHrOpPYNljwOMqo10TkYh1fy3cYio2l3bCsQ=
github.com/kr/text v0.1.0/go.mod h1:4Jbv+DJW3UT/LiOwJeYQe1efqtUx/iVham/4vfdArNI=
github.com/pkg/errors v0.8.1/go.mod h1:bwawxfHBFNV+L2hUp1rHADufV3IMtnDRdf1r5NINEl0=
github.com/rs/xid v1.2.1/go.mod h1:+uKXf+4Djp6Md1KODXJxgGQPKngRmWyn10oCKFzNHOQ=
github.com/rs/zerolog v1.20.0 h1:38k9hgtUBdxFwE34yS8rTHmHBa4eN16E4DJlv177LNs=
github.com/rs/zerolog v1.20.0/go.mod h1:IzD0RJ65iWH0w97OQQebJEvTZYvsCUm9WVLWBQrJRjo=
github.com/vmware/govmomi v0.24.0 h1:G7YFF6unMTG3OY25Dh278fsomVTKs46m2ENlEFSbmbs=
github.com/vmware/govmomi v0.24.0/go.mod h1:Y+Wq4lst78L85Ge/F8+ORXIWiKYqaro1vhAulACy9Lc=
github.com/vmware/vmw-guestinfo v0.0.0-20170707015358-25eff159a728/go.mod h1:x9oS4Wk2s2u4tS29nEaDLdzvuHdB19CvSGJjPgkZJNk=
golang.org/x/crypto v0.0.0-20190308221718-c2843e01d9a2/go.mod h1:djNgcEr1/C05ACkg1iLfiJU5Ep61QUkGW8qpdssI0+w=
golang.org/x/net v0.0.0-20190620200207-3b0461eec859/go.mod h1:z5CRVTTTmAJ677TzLLGU+0bjPO0LkuOLi4/5GtJWs/s=
golang.org/x/sync v0.0.0-20190423024810-112230192c58/go.mod h1:RxMgew5VJxzue5/jJTE5uejpjVlOe/izrB70Jof72aM=
golang.org/x/sys v0.0.0-20190215142949-d0b11bdaac8a/go.mod h1:STP8DvDyc/dI5b8T5hshtkjS+E42TnysNCUPdjciGhY=
golang.org/x/text v0.3.0/go.mod h1:NqM8EUOU14njkJ3fqMW+pc6Ldnwhi/IjpwHt7yyuwOQ=
golang.org/x/tools v0.0.0-20190828213141-aed303cbaa74/go.mod h1:b+2E5dAYhXwXZwtnZ6UAqBI28+e2cm9otk0dWdXHAEo=
golang.org/x/xerrors v0.0.0-20190717185122-a985d3407aa7/go.mod h1:I/5z698sn9Ka8TeJc9MKroUUfqBBauWjQqLJ2OPfmY0=
